
Microsoft Visual Studio Solution File, Format Version 12.00
# Visual Studio Version 16
VisualStudioVersion = 16.0.29326.143
MinimumVisualStudioVersion = 10.0.40219.1
Project("{FAE04EC0-301F-11D3-BF4B-00C04F79EFBC}") = "LoLSummonerTracker", "LoLSummonerTracker\LoLSummonerTracker.csproj", "{4229952A-F882-4048-9244-64EB1FF1EDAF}"
EndProject
Global
	GlobalSection(SolutionConfigurationPlatforms) = preSolution
		Debug|Any CPU = Debug|Any CPU
		Release|Any CPU = Release|Any CPU
	EndGlobalSection
	GlobalSection(ProjectConfigurationPlatforms) = postSolution
		{4229952A-F882-4048-9244-64EB1FF1EDAF}.Debug|Any CPU.ActiveCfg = Debug|Any CPU
		{4229952A-F882-4048-9244-64EB1FF1EDAF}.Debug|Any CPU.Build.0 = Debug|Any CPU
		{4229952A-F882-4048-9244-64EB1FF1EDAF}.Release|Any CPU.ActiveCfg = Release|Any CPU
		{4229952A-F882-4048-9244-64EB1FF1EDAF}.Release|Any CPU.Build.0 = Release|Any CPU
	EndGlobalSection
	GlobalSection(SolutionProperties) = preSolution
		HideSolutionNode = FALSE
	EndGlobalSection
	GlobalSection(ExtensibilityGlobals) = postSolution
		SolutionGuid = {0EAA30C5-96A2-441A-BE4D-90001605F3C7}
	EndGlobalSection
EndGlobal
